
Microsoft Visual Studio Solution File, Format Version 12.00
# Visual Studio Version 17
VisualStudioVersion = 17.0.31903.59
MinimumVisualStudioVersion = 10.0.40219.1
Project("{FAE04EC0-301F-11D3-BF4B-00C04F79EFBC}") = "Qatu.Domain", "Qatu.Domain\Qatu.Domain.csproj", "{34526298-60F4-4E99-955C-C70A6E878219}"
EndProject
Project("{FAE04EC0-301F-11D3-BF4B-00C04F79EFBC}") = "Qatu.Application", "Qatu.Application\Qatu.Application.csproj", "{83731554-0009-4B6E-B3D3-86513BBCBE41}"
EndProject
Project("{FAE04EC0-301F-11D3-BF4B-00C04F79EFBC}") = "Qatu.Infrastructure", "Qatu.Infrastructure\Qatu.Infrastructure.csproj", "{8A02E1B4-54F1-4A18-8E7C-DA5670FDA328}"
EndProject
Project("{FAE04EC0-301F-11D3-BF4B-00C04F79EFBC}") = "Qatu.API", "Qatu.API\Qatu.API.csproj", "{C16D74E4-6B05-4B28-9B12-0E37B7301EC9}"
EndProject
Global
	GlobalSection(SolutionConfigurationPlatforms) = preSolution
		Debug|Any CPU = Debug|Any CPU
		Debug|x64 = Debug|x64
		Debug|x86 = Debug|x86
		Release|Any CPU = Release|Any CPU
		Release|x64 = Release|x64
		Release|x86 = Release|x86
	EndGlobalSection
	GlobalSection(ProjectConfigurationPlatforms) = postSolution
		{34526298-60F4-4E99-955C-C70A6E878219}.Debug|Any CPU.ActiveCfg = Debug|Any CPU
		{34526298-60F4-4E99-955C-C70A6E878219}.Debug|Any CPU.Build.0 = Debug|Any CPU
		{34526298-60F4-4E99-955C-C70A6E878219}.Debug|x64.ActiveCfg = Debug|Any CPU
		{34526298-60F4-4E99-955C-C70A6E878219}.Debug|x64.Build.0 = Debug|Any CPU
		{34526298-60F4-4E99-955C-C70A6E878219}.Debug|x86.ActiveCfg = Debug|Any CPU
		{34526298-60F4-4E99-955C-C70A6E878219}.Debug|x86.Build.0 = Debug|Any CPU
		{34526298-60F4-4E99-955C-C70A6E878219}.Release|Any CPU.ActiveCfg = Release|Any CPU
		{34526298-60F4-4E99-955C-C70A6E878219}.Release|Any CPU.Build.0 = Release|Any CPU
		{34526298-60F4-4E99-955C-C70A6E878219}.Release|x64.ActiveCfg = Release|Any CPU
		{34526298-60F4-4E99-955C-C70A6E878219}.Release|x64.Build.0 = Release|Any CPU
		{34526298-60F4-4E99-955C-C70A6E878219}.Release|x86.ActiveCfg = Release|Any CPU
		{34526298-60F4-4E99-955C-C70A6E878219}.Release|x86.Build.0 = Release|Any CPU
		{83731554-0009-4B6E-B3D3-86513BBCBE41}.Debug|Any CPU.ActiveCfg = Debug|Any CPU
		{83731554-0009-4B6E-B3D3-86513BBCBE41}.Debug|Any CPU.Build.0 = Debug|Any CPU
		{83731554-0009-4B6E-B3D3-86513BBCBE41}.Debug|x64.ActiveCfg = Debug|Any CPU
		{83731554-0009-4B6E-B3D3-86513BBCBE41}.Debug|x64.Build.0 = Debug|Any CPU
		{83731554-0009-4B6E-B3D3-86513BBCBE41}.Debug|x86.ActiveCfg = Debug|Any CPU
		{83731554-0009-4B6E-B3D3-86513BBCBE41}.Debug|x86.Build.0 = Debug|Any CPU
		{83731554-0009-4B6E-B3D3-86513BBCBE41}.Release|Any CPU.ActiveCfg = Release|Any CPU
		{83731554-0009-4B6E-B3D3-86513BBCBE41}.Release|Any CPU.Build.0 = Release|Any CPU
		{83731554-0009-4B6E-B3D3-86513BBCBE41}.Release|x64.ActiveCfg = Release|Any CPU
		{83731554-0009-4B6E-B3D3-86513BBCBE41}.Release|x64.Build.0 = Release|Any CPU
		{83731554-0009-4B6E-B3D3-86513BBCBE41}.Release|x86.ActiveCfg = Release|Any CPU
		{83731554-0009-4B6E-B3D3-86513BBCBE41}.Release|x86.Build.0 = Release|Any CPU
		{8A02E1B4-54F1-4A18-8E7C-DA5670FDA328}.Debug|Any CPU.ActiveCfg = Debug|Any CPU
		{8A02E1B4-54F1-4A18-8E7C-DA5670FDA328}.Debug|Any CPU.Build.0 = Debug|Any CPU
		{8A02E1B4-54F1-4A18-8E7C-DA5670FDA328}.Debug|x64.ActiveCfg = Debug|Any CPU
		{8A02E1B4-54F1-4A18-8E7C-DA5670FDA328}.Debug|x64.Build.0 = Debug|Any CPU
		{8A02E1B4-54F1-4A18-8E7C-DA5670FDA328}.Debug|x86.ActiveCfg = Debug|Any CPU
		{8A02E1B4-54F1-4A18-8E7C-DA5670FDA328}.Debug|x86.Build.0 = Debug|Any CPU
		{8A02E1B4-54F1-4A18-8E7C-DA5670FDA328}.Release|Any CPU.ActiveCfg = Release|Any CPU
		{8A02E1B4-54F1-4A18-8E7C-DA5670FDA328}.Release|Any CPU.Build.0 = Release|Any CPU
		{8A02E1B4-54F1-4A18-8E7C-DA5670FDA328}.Release|x64.ActiveCfg = Release|Any CPU
		{8A02E1B4-54F1-4A18-8E7C-DA5670FDA328}.Release|x64.Build.0 = Release|Any CPU
		{8A02E1B4-54F1-4A18-8E7C-DA5670FDA328}.Release|x86.ActiveCfg = Release|Any CPU
		{8A02E1B4-54F1-4A18-8E7C-DA5670FDA328}.Release|x86.Build.0 = Release|Any CPU
		{C16D74E4-6B05-4B28-9B12-0E37B7301EC9}.Debug|Any CPU.ActiveCfg = Debug|Any CPU
		{C16D74E4-6B05-4B28-9B12-0E37B7301EC9}.Debug|Any CPU.Build.0 = Debug|Any CPU
		{C16D74E4-6B05-4B28-9B12-0E37B7301EC9}.Debug|x64.ActiveCfg = Debug|Any CPU
		{C16D74E4-6B05-4B28-9B12-0E37B7301EC9}.Debug|x64.Build.0 = Debug|Any CPU
		{C16D74E4-6B05-4B28-9B12-0E37B7301EC9}.Debug|x86.ActiveCfg = Debug|Any CPU
		{C16D74E4-6B05-4B28-9B12-0E37B7301EC9}.Debug|x86.Build.0 = Debug|Any CPU
		{C16D74E4-6B05-4B28-9B12-0E37B7301EC9}.Release|Any CPU.ActiveCfg = Release|Any CPU
		{C16D74E4-6B05-4B28-9B12-0E37B7301EC9}.Release|Any CPU.Build.0 = Release|Any CPU
		{C16D74E4-6B05-4B28-9B12-0E37B7301EC9}.Release|x64.ActiveCfg = Release|Any CPU
		{C16D74E4-6B05-4B28-9B12-0E37B7301EC9}.Release|x64.Build.0 = Release|Any CPU
		{C16D74E4-6B05-4B28-9B12-0E37B7301EC9}.Release|x86.ActiveCfg = Release|Any CPU
		{C16D74E4-6B05-4B28-9B12-0E37B7301EC9}.Release|x86.Build.0 = Release|Any CPU
	EndGlobalSection
	GlobalSection(SolutionProperties) = preSolution
		HideSolutionNode = FALSE
	EndGlobalSection
EndGlobal
